
Microsoft Visual Studio Solution File, Format Version 12.00
Project("{FAE04EC0-301F-11D3-BF4B-00C04F79EFBC}") = "macros-for-geeks", "macros-for-geeks\macros-for-geeks.csproj", "{5AB4DA51-76BE-4FDB-B87E-A6F068CABBAE}"
EndProject
Global
	GlobalSection(SolutionConfigurationPlatforms) = preSolution
		Debug|Any CPU = Debug|Any CPU
		Release|Any CPU = Release|Any CPU
	EndGlobalSection
	GlobalSection(ProjectConfigurationPlatforms) = postSolution
		{5AB4DA51-76BE-4FDB-B87E-A6F068CABBAE}.Debug|Any CPU.ActiveCfg = Debug|Any CPU
		{5AB4DA51-76BE-4FDB-B87E-A6F068CABBAE}.Debug|Any CPU.Build.0 = Debug|Any CPU
		{5AB4DA51-76BE-4FDB-B87E-A6F068CABBAE}.Release|Any CPU.ActiveCfg = Release|Any CPU
		{5AB4DA51-76BE-4FDB-B87E-A6F068CABBAE}.Release|Any CPU.Build.0 = Release|Any CPU
	EndGlobalSection
EndGlobal
